
Microsoft Visual Studio Solution File, Format Version 12.00
# Visual Studio Version 17
VisualStudioVersion = 17.11.35303.130
MinimumVisualStudioVersion = 10.0.40219.1
Project("{2150E333-8FDC-42A3-9474-1A3956D46DE8}") = "Task0", "Task0", "{7E5E1AAD-D66E-4628-925D-A49854DBC449}"
EndProject
Project("{9A19103F-16F7-4668-BE54-9A1E7A4F7556}") = "Tyuiu.OsadetsAA.Sprint3.Task0.V17", "Tyuiu.OsadetsAA.Sprint3.Task0.V17\Tyuiu.OsadetsAA.Sprint3.Task0.V17.csproj", "{B922C7C0-C3F7-4979-84CF-30CA944F258A}"
EndProject
Project("{9A19103F-16F7-4668-BE54-9A1E7A4F7556}") = "Tyuiu.OsadetsAA.Sprint3.Task0.V17.Lib", "Tyuiu.OsadetsAA.Sprint3.Task0.V17.Lib\Tyuiu.OsadetsAA.Sprint3.Task0.V17.Lib.csproj", "{557934F5-09C7-4304-A017-6F3DC6AFF273}"
EndProject
Project("{9A19103F-16F7-4668-BE54-9A1E7A4F7556}") = "Tyuiu.OsadetsAA.Sprint3.Task0.V17.Test", "Tyuiu.OsadetsAA.Sprint3.Task0.V17.Test\Tyuiu.OsadetsAA.Sprint3.Task0.V17.Test.csproj", "{1F83D99F-7964-466B-A2FF-A16B50CE721D}"
EndProject
Project("{2150E333-8FDC-42A3-9474-1A3956D46DE8}") = "Task1", "Task1", "{7970E83D-14B9-4B4C-A11A-5C04D51888F2}"
EndProject
Project("{9A19103F-16F7-4668-BE54-9A1E7A4F7556}") = "Tyuiu.OsadetsAA.Sprint3.Task1.V7", "Tyuiu.OsadetsAA.Sprint3.Task1.V7\Tyuiu.OsadetsAA.Sprint3.Task1.V7.csproj", "{04CF584D-8498-4FF3-A160-6719C8BA8C41}"
EndProject
Project("{9A19103F-16F7-4668-BE54-9A1E7A4F7556}") = "Tyuiu.OsadetsAA.Sprint3.Task1.V7.Lib", "Tyuiu.OsadetsAA.Sprint3.Task1.V7.Lib\Tyuiu.OsadetsAA.Sprint3.Task1.V7.Lib.csproj", "{B157E51A-49B5-4039-8D3A-47B46C6B25A9}"
EndProject
Project("{9A19103F-16F7-4668-BE54-9A1E7A4F7556}") = "Tyuiu.OsadetsAA.Sprint3.Task1.V7.Test", "Tyuiu.OsadetsAA.Sprint3.Task1.V7.Test\Tyuiu.OsadetsAA.Sprint3.Task1.V7.Test.csproj", "{9C9CFCE9-3554-407E-BF2B-94361918C021}"
EndProject
Project("{2150E333-8FDC-42A3-9474-1A3956D46DE8}") = "Task2", "Task2", "{3069AAFC-61F2-4F6C-AF50-77EE55746946}"
EndProject
Project("{9A19103F-16F7-4668-BE54-9A1E7A4F7556}") = "Tyuiu.OsadetsAA.Sprint3.Task2.V20", "Tyuiu.OsadetsAA.Sprint3.Task2.V20\Tyuiu.OsadetsAA.Sprint3.Task2.V20.csproj", "{E3CCE148-B907-4EBD-9995-C96E0E6E96F0}"
EndProject
Project("{9A19103F-16F7-4668-BE54-9A1E7A4F7556}") = "Tyuiu.OsadetsAA.Sprint3.Task2.V20.Lib", "Tyuiu.OsadetsAA.Sprint3.Task2.V20.Lib\Tyuiu.OsadetsAA.Sprint3.Task2.V20.Lib.csproj", "{A0FBCD51-C22B-43CB-9817-CD27F05D0ED0}"
EndProject
Project("{9A19103F-16F7-4668-BE54-9A1E7A4F7556}") = "Tyuiu.OsadetsAA.Sprint3.Task2.V20.Test", "Tyuiu.OsadetsAA.Sprint3.Task2.V20.Test\Tyuiu.OsadetsAA.Sprint3.Task2.V20.Test.csproj", "{4A52C454-6B47-4951-B5B7-51A498CA8585}"
EndProject
Project("{2150E333-8FDC-42A3-9474-1A3956D46DE8}") = "Task3", "Task3", "{D313BE50-85BF-4880-9F17-980AB4EB2CF3}"
EndProject
Project("{9A19103F-16F7-4668-BE54-9A1E7A4F7556}") = "Tyuiu.OsadetsAA.Sprint3.Task3.V1", "Tyuiu.OsadetsAA.Sprint3.Task3.V1\Tyuiu.OsadetsAA.Sprint3.Task3.V1.csproj", "{AE678491-72E5-41BB-8042-2049E4072A8D}"
EndProject
Project("{9A19103F-16F7-4668-BE54-9A1E7A4F7556}") = "Tyuiu.OsadetsAA.Sprint3.Task3.V1.Lib", "Tyuiu.OsadetsAA.Sprint3.Task3.V1.Lib\Tyuiu.OsadetsAA.Sprint3.Task3.V1.Lib.csproj", "{5E3F7708-B9CC-498F-AB3F-44938C23F138}"
EndProject
Project("{9A19103F-16F7-4668-BE54-9A1E7A4F7556}") = "Tyuiu.OsadetsAA.Sprint3.Task3.V1.Test", "Tyuiu.OsadetsAA.Sprint3.Task3.V1.Test\Tyuiu.OsadetsAA.Sprint3.Task3.V1.Test.csproj", "{008CFB29-06B1-4F2F-9FAB-F1C0DC392DE8}"
EndProject
Project("{2150E333-8FDC-42A3-9474-1A3956D46DE8}") = "Task4", "Task4", "{03D7C66A-6637-4141-830B-1862E5CE4C96}"
EndProject
Project("{9A19103F-16F7-4668-BE54-9A1E7A4F7556}") = "Tyuiu.OsadetsAA.Sprint3.Task4.V10", "Tyuiu.OsadetsAA.Sprint3.Task4.V10\Tyuiu.OsadetsAA.Sprint3.Task4.V10.csproj", "{2C2BD6BF-D505-496D-82E2-C180FCE37CE3}"
EndProject
Project("{9A19103F-16F7-4668-BE54-9A1E7A4F7556}") = "Tyuiu.OsadetsAA.Sprint3.Task4.V10.Lib", "Tyuiu.OsadetsAA.Sprint3.Task4.V10.Lib\Tyuiu.OsadetsAA.Sprint3.Task4.V10.Lib.csproj", "{06A7AC2D-6C0C-45C9-91F7-073A63988E3F}"
EndProject
Project("{9A19103F-16F7-4668-BE54-9A1E7A4F7556}") = "Tyuiu.OsadetsAA.Sprint3.Task4.V10.Test", "Tyuiu.OsadetsAA.Sprint3.Task4.V10.Test\Tyuiu.OsadetsAA.Sprint3.Task4.V10.Test.csproj", "{B043B754-613D-4F0C-A6C4-341E5B1327F5}"
EndProject
Project("{2150E333-8FDC-42A3-9474-1A3956D46DE8}") = "Task5", "Task5", "{560EB4C6-9CDE-4287-8939-A80BAC3553B1}"
EndProject
Project("{9A19103F-16F7-4668-BE54-9A1E7A4F7556}") = "Tyuiu.OsadetsAA.Sprint3.Task5.V15", "Tyuiu.OsadetsAA.Sprint3.Task5.V15\Tyuiu.OsadetsAA.Sprint3.Task5.V15.csproj", "{185B2B4F-D6A6-497D-BC13-F16950642850}"
EndProject
Project("{9A19103F-16F7-4668-BE54-9A1E7A4F7556}") = "Tyuiu.OsadetsAA.Sprint3.Task5.V15.Lib", "Tyuiu.OsadetsAA.Sprint3.Task5.V15.Lib\Tyuiu.OsadetsAA.Sprint3.Task5.V15.Lib.csproj", "{B280A01C-4EA3-4AF8-84A6-8E7BD00C2D51}"
EndProject
Project("{9A19103F-16F7-4668-BE54-9A1E7A4F7556}") = "Tyuiu.OsadetsAA.Sprint3.Task5.V15.Test", "Tyuiu.OsadetsAA.Sprint3.Task5.V15.Test\Tyuiu.OsadetsAA.Sprint3.Task5.V15.Test.csproj", "{B58DB916-DE9C-4511-88F3-859366B26093}"
EndProject
Project("{2150E333-8FDC-42A3-9474-1A3956D46DE8}") = "Task6", "Task6", "{EC232FC9-628C-476D-9AF3-0DE7D096019A}"
EndProject
Project("{FAE04EC0-301F-11D3-BF4B-00C04F79EFBC}") = "Tyuiu.OsadetsAA.Sprint3.Task6.V7.Lib", "Tyuiu.OsadetsAA.Sprint3.Task6.V7.Lib\Tyuiu.OsadetsAA.Sprint3.Task6.V7.Lib.csproj", "{D88320FA-BF4A-4A83-8A68-88A9FEF91EDC}"
EndProject
Project("{FAE04EC0-301F-11D3-BF4B-00C04F79EFBC}") = "Tyuiu.OsadetsAA.Sprint3.Task6.V7", "Tyuiu.OsadetsAA.Sprint3.Task6.V7\Tyuiu.OsadetsAA.Sprint3.Task6.V7.csproj", "{9F8BB7FD-ACF3-4DCB-9496-987A25309636}"
EndProject
Project("{FAE04EC0-301F-11D3-BF4B-00C04F79EFBC}") = "Tyuiu.OsadetsAA.Sprint3.Task6.V7.Test", "Tyuiu.OsadetsAA.Sprint3.Task6.V7.Test\Tyuiu.OsadetsAA.Sprint3.Task6.V7.Test.csproj", "{17605FE7-EC91-428A-8057-588066D061FC}"
EndProject
Project("{2150E333-8FDC-42A3-9474-1A3956D46DE8}") = "Task7", "Task7", "{6C024BE6-2471-495F-835E-A85E340C9CF0}"
EndProject
Project("{FAE04EC0-301F-11D3-BF4B-00C04F79EFBC}") = "Tyuiu.OsadetsAA.Sprint3.Task7.V4", "Tyuiu.OsadetsAA.Sprint3.Task7.V4\Tyuiu.OsadetsAA.Sprint3.Task7.V4.csproj", "{275E2E7F-8E61-4182-9C56-41AA475D768B}"
EndProject
Project("{FAE04EC0-301F-11D3-BF4B-00C04F79EFBC}") = "Tyuiu.OsadetsAA.Sprint3.Task7.V4.Lib", "Tyuiu.OsadetsAA.Sprint3.Task7.V4.Lib\Tyuiu.OsadetsAA.Sprint3.Task7.V4.Lib.csproj", "{B9A20700-4620-4511-9B79-F7DBE337EDBC}"
EndProject
Project("{FAE04EC0-301F-11D3-BF4B-00C04F79EFBC}") = "Tyuiu.OsadetsAA.Sprint3.Task7.V4.Test", "Tyuiu.OsadetsAA.Sprint3.Task7.V4.Test\Tyuiu.OsadetsAA.Sprint3.Task7.V4.Test.csproj", "{8014C877-D26E-4A38-9353-C1CE9A420F3F}"
EndProject
Global
	GlobalSection(SolutionConfigurationPlatforms) = preSolution
		Debug|Any CPU = Debug|Any CPU
		Release|Any CPU = Release|Any CPU
	EndGlobalSection
	GlobalSection(ProjectConfigurationPlatforms) = postSolution
		{B922C7C0-C3F7-4979-84CF-30CA944F258A}.Debug|Any CPU.ActiveCfg = Debug|Any CPU
		{B922C7C0-C3F7-4979-84CF-30CA944F258A}.Debug|Any CPU.Build.0 = Debug|Any CPU
		{B922C7C0-C3F7-4979-84CF-30CA944F258A}.Release|Any CPU.ActiveCfg = Release|Any CPU
		{B922C7C0-C3F7-4979-84CF-30CA944F258A}.Release|Any CPU.Build.0 = Release|Any CPU
		{557934F5-09C7-4304-A017-6F3DC6AFF273}.Debug|Any CPU.ActiveCfg = Debug|Any CPU
		{557934F5-09C7-4304-A017-6F3DC6AFF273}.Debug|Any CPU.Build.0 = Debug|Any CPU
		{557934F5-09C7-4304-A017-6F3DC6AFF273}.Release|Any CPU.ActiveCfg = Release|Any CPU
		{557934F5-09C7-4304-A017-6F3DC6AFF273}.Release|Any CPU.Build.0 = Release|Any CPU
		{1F83D99F-7964-466B-A2FF-A16B50CE721D}.Debug|Any CPU.ActiveCfg = Debug|Any CPU
		{1F83D99F-7964-466B-A2FF-A16B50CE721D}.Debug|Any CPU.Build.0 = Debug|Any CPU
		{1F83D99F-7964-466B-A2FF-A16B50CE721D}.Release|Any CPU.ActiveCfg = Release|Any CPU
		{1F83D99F-7964-466B-A2FF-A16B50CE721D}.Release|Any CPU.Build.0 = Release|Any CPU
		{04CF584D-8498-4FF3-A160-6719C8BA8C41}.Debug|Any CPU.ActiveCfg = Debug|Any CPU
		{04CF584D-8498-4FF3-A160-6719C8BA8C41}.Debug|Any CPU.Build.0 = Debug|Any CPU
		{04CF584D-8498-4FF3-A160-6719C8BA8C41}.Release|Any CPU.ActiveCfg = Release|Any CPU
		{04CF584D-8498-4FF3-A160-6719C8BA8C41}.Release|Any CPU.Build.0 = Release|Any CPU
		{B157E51A-49B5-4039-8D3A-47B46C6B25A9}.Debug|Any CPU.ActiveCfg = Debug|Any CPU
		{B157E51A-49B5-4039-8D3A-47B46C6B25A9}.Debug|Any CPU.Build.0 = Debug|Any CPU
		{B157E51A-49B5-4039-8D3A-47B46C6B25A9}.Release|Any CPU.ActiveCfg = Release|Any CPU
		{B157E51A-49B5-4039-8D3A-47B46C6B25A9}.Release|Any CPU.Build.0 = Release|Any CPU
		{9C9CFCE9-3554-407E-BF2B-94361918C021}.Debug|Any CPU.ActiveCfg = Debug|Any CPU
		{9C9CFCE9-3554-407E-BF2B-94361918C021}.Debug|Any CPU.Build.0 = Debug|Any CPU
		{9C9CFCE9-3554-407E-BF2B-94361918C021}.Release|Any CPU.ActiveCfg = Release|Any CPU
		{9C9CFCE9-3554-407E-BF2B-94361918C021}.Release|Any CPU.Build.0 = Release|Any CPU
		{E3CCE148-B907-4EBD-9995-C96E0E6E96F0}.Debug|Any CPU.ActiveCfg = Debug|Any CPU
		{E3CCE148-B907-4EBD-9995-C96E0E6E96F0}.Debug|Any CPU.Build.0 = Debug|Any CPU
		{E3CCE148-B907-4EBD-9995-C96E0E6E96F0}.Release|Any CPU.ActiveCfg = Release|Any CPU
		{E3CCE148-B907-4EBD-9995-C96E0E6E96F0}.Release|Any CPU.Build.0 = Release|Any CPU
		{A0FBCD51-C22B-43CB-9817-CD27F05D0ED0}.Debug|Any CPU.ActiveCfg = Debug|Any CPU
		{A0FBCD51-C22B-43CB-9817-CD27F05D0ED0}.Debug|Any CPU.Build.0 = Debug|Any CPU
		{A0FBCD51-C22B-43CB-9817-CD27F05D0ED0}.Release|Any CPU.ActiveCfg = Release|Any CPU
		{A0FBCD51-C22B-43CB-9817-CD27F05D0ED0}.Release|Any CPU.Build.0 = Release|Any CPU
		{4A52C454-6B47-4951-B5B7-51A498CA8585}.Debug|Any CPU.ActiveCfg = Debug|Any CPU
		{4A52C454-6B47-4951-B5B7-51A498CA8585}.Debug|Any CPU.Build.0 = Debug|Any CPU
		{4A52C454-6B47-4951-B5B7-51A498CA8585}.Release|Any CPU.ActiveCfg = Release|Any CPU
		{4A52C454-6B47-4951-B5B7-51A498CA8585}.Release|Any CPU.Build.0 = Release|Any CPU
		{AE678491-72E5-41BB-8042-2049E4072A8D}.Debug|Any CPU.ActiveCfg = Debug|Any CPU
		{AE678491-72E5-41BB-8042-2049E4072A8D}.Debug|Any CPU.Build.0 = Debug|Any CPU
		{AE678491-72E5-41BB-8042-2049E4072A8D}.Release|Any CPU.ActiveCfg = Release|Any CPU
		{AE678491-72E5-41BB-8042-2049E4072A8D}.Release|Any CPU.Build.0 = Release|Any CPU
		{5E3F7708-B9CC-498F-AB3F-44938C23F138}.Debug|Any CPU.ActiveCfg = Debug|Any CPU
		{5E3F7708-B9CC-498F-AB3F-44938C23F138}.Debug|Any CPU.Build.0 = Debug|Any CPU
		{5E3F7708-B9CC-498F-AB3F-44938C23F138}.Release|Any CPU.ActiveCfg = Release|Any CPU
		{5E3F7708-B9CC-498F-AB3F-44938C23F138}.Release|Any CPU.Build.0 = Release|Any CPU
		{008CFB29-06B1-4F2F-9FAB-F1C0DC392DE8}.Debug|Any CPU.ActiveCfg = Debug|Any CPU
		{008CFB29-06B1-4F2F-9FAB-F1C0DC392DE8}.Debug|Any CPU.Build.0 = Debug|Any CPU
		{008CFB29-06B1-4F2F-9FAB-F1C0DC392DE8}.Release|Any CPU.ActiveCfg = Release|Any CPU
		{008CFB29-06B1-4F2F-9FAB-F1C0DC392DE8}.Release|Any CPU.Build.0 = Release|Any CPU
		{2C2BD6BF-D505-496D-82E2-C180FCE37CE3}.Debug|Any CPU.ActiveCfg = Debug|Any CPU
		{2C2BD6BF-D505-496D-82E2-C180FCE37CE3}.Debug|Any CPU.Build.0 = Debug|Any CPU
		{2C2BD6BF-D505-496D-82E2-C180FCE37CE3}.Release|Any CPU.ActiveCfg = Release|Any CPU
		{2C2BD6BF-D505-496D-82E2-C180FCE37CE3}.Release|Any CPU.Build.0 = Release|Any CPU
		{06A7AC2D-6C0C-45C9-91F7-073A63988E3F}.Debug|Any CPU.ActiveCfg = Debug|Any CPU
		{06A7AC2D-6C0C-45C9-91F7-073A63988E3F}.Debug|Any CPU.Build.0 = Debug|Any CPU
		{06A7AC2D-6C0C-45C9-91F7-073A63988E3F}.Release|Any CPU.ActiveCfg = Release|Any CPU
		{06A7AC2D-6C0C-45C9-91F7-073A63988E3F}.Release|Any CPU.Build.0 = Release|Any CPU
		{B043B754-613D-4F0C-A6C4-341E5B1327F5}.Debug|Any CPU.ActiveCfg = Debug|Any CPU
		{B043B754-613D-4F0C-A6C4-341E5B1327F5}.Debug|Any CPU.Build.0 = Debug|Any CPU
		{B043B754-613D-4F0C-A6C4-341E5B1327F5}.Release|Any CPU.ActiveCfg = Release|Any CPU
		{B043B754-613D-4F0C-A6C4-341E5B1327F5}.Release|Any CPU.Build.0 = Release|Any CPU
		{185B2B4F-D6A6-497D-BC13-F16950642850}.Debug|Any CPU.ActiveCfg = Debug|Any CPU
		{185B2B4F-D6A6-497D-BC13-F16950642850}.Debug|Any CPU.Build.0 = Debug|Any CPU
		{185B2B4F-D6A6-497D-BC13-F16950642850}.Release|Any CPU.ActiveCfg = Release|Any CPU
		{185B2B4F-D6A6-497D-BC13-F16950642850}.Release|Any CPU.Build.0 = Release|Any CPU
		{B280A01C-4EA3-4AF8-84A6-8E7BD00C2D51}.Debug|Any CPU.ActiveCfg = Debug|Any CPU
		{B280A01C-4EA3-4AF8-84A6-8E7BD00C2D51}.Debug|Any CPU.Build.0 = Debug|Any CPU
		{B280A01C-4EA3-4AF8-84A6-8E7BD00C2D51}.Release|Any CPU.ActiveCfg = Release|Any CPU
		{B280A01C-4EA3-4AF8-84A6-8E7BD00C2D51}.Release|Any CPU.Build.0 = Release|Any CPU
		{B58DB916-DE9C-4511-88F3-859366B26093}.Debug|Any CPU.ActiveCfg = Debug|Any CPU
		{B58DB916-DE9C-4511-88F3-859366B26093}.Debug|Any CPU.Build.0 = Debug|Any CPU
		{B58DB916-DE9C-4511-88F3-859366B26093}.Release|Any CPU.ActiveCfg = Release|Any CPU
		{B58DB916-DE9C-4511-88F3-859366B26093}.Release|Any CPU.Build.0 = Release|Any CPU
		{D88320FA-BF4A-4A83-8A68-88A9FEF91EDC}.Debug|Any CPU.ActiveCfg = Debug|Any CPU
		{D88320FA-BF4A-4A83-8A68-88A9FEF91EDC}.Debug|Any CPU.Build.0 = Debug|Any CPU
		{D88320FA-BF4A-4A83-8A68-88A9FEF91EDC}.Release|Any CPU.ActiveCfg = Release|Any CPU
		{D88320FA-BF4A-4A83-8A68-88A9FEF91EDC}.Release|Any CPU.Build.0 = Release|Any CPU
		{9F8BB7FD-ACF3-4DCB-9496-987A25309636}.Debug|Any CPU.ActiveCfg = Debug|Any CPU
		{9F8BB7FD-ACF3-4DCB-9496-987A25309636}.Debug|Any CPU.Build.0 = Debug|Any CPU
		{9F8BB7FD-ACF3-4DCB-9496-987A25309636}.Release|Any CPU.ActiveCfg = Release|Any CPU
		{9F8BB7FD-ACF3-4DCB-9496-987A25309636}.Release|Any CPU.Build.0 = Release|Any CPU
		{17605FE7-EC91-428A-8057-588066D061FC}.Debug|Any CPU.ActiveCfg = Debug|Any CPU
		{17605FE7-EC91-428A-8057-588066D061FC}.Debug|Any CPU.Build.0 = Debug|Any CPU
		{17605FE7-EC91-428A-8057-588066D061FC}.Release|Any CPU.ActiveCfg = Release|Any CPU
		{17605FE7-EC91-428A-8057-588066D061FC}.Release|Any CPU.Build.0 = Release|Any CPU
		{275E2E7F-8E61-4182-9C56-41AA475D768B}.Debug|Any CPU.ActiveCfg = Debug|Any CPU
		{275E2E7F-8E61-4182-9C56-41AA475D768B}.Debug|Any CPU.Build.0 = Debug|Any CPU
		{275E2E7F-8E61-4182-9C56-41AA475D768B}.Release|Any CPU.ActiveCfg = Release|Any CPU
		{275E2E7F-8E61-4182-9C56-41AA475D768B}.Release|Any CPU.Build.0 = Release|Any CPU
		{B9A20700-4620-4511-9B79-F7DBE337EDBC}.Debug|Any CPU.ActiveCfg = Debug|Any CPU
		{B9A20700-4620-4511-9B79-F7DBE337EDBC}.Debug|Any CPU.Build.0 = Debug|Any CPU
		{B9A20700-4620-4511-9B79-F7DBE337EDBC}.Release|Any CPU.ActiveCfg = Release|Any CPU
		{B9A20700-4620-4511-9B79-F7DBE337EDBC}.Release|Any CPU.Build.0 = Release|Any CPU
		{8014C877-D26E-4A38-9353-C1CE9A420F3F}.Debug|Any CPU.ActiveCfg = Debug|Any CPU
		{8014C877-D26E-4A38-9353-C1CE9A420F3F}.Debug|Any CPU.Build.0 = Debug|Any CPU
		{8014C877-D26E-4A38-9353-C1CE9A420F3F}.Release|Any CPU.ActiveCfg = Release|Any CPU
		{8014C877-D26E-4A38-9353-C1CE9A420F3F}.Release|Any CPU.Build.0 = Release|Any CPU
	EndGlobalSection
	GlobalSection(SolutionProperties) = preSolution
		HideSolutionNode = FALSE
	EndGlobalSection
	GlobalSection(NestedProjects) = preSolution
		{B922C7C0-C3F7-4979-84CF-30CA944F258A} = {7E5E1AAD-D66E-4628-925D-A49854DBC449}
		{557934F5-09C7-4304-A017-6F3DC6AFF273} = {7E5E1AAD-D66E-4628-925D-A49854DBC449}
		{1F83D99F-7964-466B-A2FF-A16B50CE721D} = {7E5E1AAD-D66E-4628-925D-A49854DBC449}
		{04CF584D-8498-4FF3-A160-6719C8BA8C41} = {7970E83D-14B9-4B4C-A11A-5C04D51888F2}
		{B157E51A-49B5-4039-8D3A-47B46C6B25A9} = {7970E83D-14B9-4B4C-A11A-5C04D51888F2}
		{9C9CFCE9-3554-407E-BF2B-94361918C021} = {7970E83D-14B9-4B4C-A11A-5C04D51888F2}
		{E3CCE148-B907-4EBD-9995-C96E0E6E96F0} = {3069AAFC-61F2-4F6C-AF50-77EE55746946}
		{A0FBCD51-C22B-43CB-9817-CD27F05D0ED0} = {3069AAFC-61F2-4F6C-AF50-77EE55746946}
		{4A52C454-6B47-4951-B5B7-51A498CA8585} = {3069AAFC-61F2-4F6C-AF50-77EE55746946}
		{AE678491-72E5-41BB-8042-2049E4072A8D} = {D313BE50-85BF-4880-9F17-980AB4EB2CF3}
		{5E3F7708-B9CC-498F-AB3F-44938C23F138} = {D313BE50-85BF-4880-9F17-980AB4EB2CF3}
		{008CFB29-06B1-4F2F-9FAB-F1C0DC392DE8} = {D313BE50-85BF-4880-9F17-980AB4EB2CF3}
		{2C2BD6BF-D505-496D-82E2-C180FCE37CE3} = {03D7C66A-6637-4141-830B-1862E5CE4C96}
		{06A7AC2D-6C0C-45C9-91F7-073A63988E3F} = {03D7C66A-6637-4141-830B-1862E5CE4C96}
		{B043B754-613D-4F0C-A6C4-341E5B1327F5} = {03D7C66A-6637-4141-830B-1862E5CE4C96}
		{185B2B4F-D6A6-497D-BC13-F16950642850} = {560EB4C6-9CDE-4287-8939-A80BAC3553B1}
		{B280A01C-4EA3-4AF8-84A6-8E7BD00C2D51} = {560EB4C6-9CDE-4287-8939-A80BAC3553B1}
		{B58DB916-DE9C-4511-88F3-859366B26093} = {560EB4C6-9CDE-4287-8939-A80BAC3553B1}
		{D88320FA-BF4A-4A83-8A68-88A9FEF91EDC} = {EC232FC9-628C-476D-9AF3-0DE7D096019A}
		{9F8BB7FD-ACF3-4DCB-9496-987A25309636} = {EC232FC9-628C-476D-9AF3-0DE7D096019A}
		{17605FE7-EC91-428A-8057-588066D061FC} = {EC232FC9-628C-476D-9AF3-0DE7D096019A}
		{275E2E7F-8E61-4182-9C56-41AA475D768B} = {6C024BE6-2471-495F-835E-A85E340C9CF0}
		{B9A20700-4620-4511-9B79-F7DBE337EDBC} = {6C024BE6-2471-495F-835E-A85E340C9CF0}
		{8014C877-D26E-4A38-9353-C1CE9A420F3F} = {6C024BE6-2471-495F-835E-A85E340C9CF0}
	EndGlobalSection
	GlobalSection(ExtensibilityGlobals) = postSolution
		SolutionGuid = {8C83576A-FDF2-43E3-8FDD-D9842DE90E74}
	EndGlobalSection
EndGlobal
